
Microsoft Visual Studio Solution File, Format Version 12.00
# Visual Studio Version 16
VisualStudioVersion = 16.0.30611.23
MinimumVisualStudioVersion = 10.0.40219.1
Project("{F184B08F-C81C-45F6-A57F-5ABD9991F28F}") = "demoapp", "demoapp\demoapp.vbproj", "{314AD7E7-B0AA-4A2C-84EB-220A26D2DFF7}"
EndProject
Global
	GlobalSection(SolutionConfigurationPlatforms) = preSolution
		Debug|Any CPU = Debug|Any CPU
		Release|Any CPU = Release|Any CPU
	EndGlobalSection
	GlobalSection(ProjectConfigurationPlatforms) = postSolution
		{314AD7E7-B0AA-4A2C-84EB-220A26D2DFF7}.Debug|Any CPU.ActiveCfg = Debug|Any CPU
		{314AD7E7-B0AA-4A2C-84EB-220A26D2DFF7}.Debug|Any CPU.Build.0 = Debug|Any CPU
		{314AD7E7-B0AA-4A2C-84EB-220A26D2DFF7}.Release|Any CPU.ActiveCfg = Release|Any CPU
		{314AD7E7-B0AA-4A2C-84EB-220A26D2DFF7}.Release|Any CPU.Build.0 = Release|Any CPU
	EndGlobalSection
	GlobalSection(SolutionProperties) = preSolution
		HideSolutionNode = FALSE
	EndGlobalSection
	GlobalSection(ExtensibilityGlobals) = postSolution
		SolutionGuid = {52E52C5A-FF47-4ECD-A02A-6A0B18DF52F4}
	EndGlobalSection
EndGlobal
